# This is a Gradle generated file for dependency locking.
# Manual edits can break the build and are not advised.
# This file is expected to be part of source control.
aopalliance:aopalliance:1.0=compileClasspath,previewCompileClasspath,previewRuntimeClasspath,testCompileClasspath,testRuntimeClasspath
ch.qos.logback:logback-classic:1.2.9=compileClasspath,previewCompileClasspath,previewRuntimeClasspath,testCompileClasspath,testRuntimeClasspath
ch.qos.logback:logback-core:1.2.9=compileClasspath,previewCompileClasspath,previewRuntimeClasspath,testCompileClasspath,testRuntimeClasspath
com.fifesoft:autocomplete:3.1.1=previewRuntimeClasspath,testRuntimeClasspath
com.fifesoft:rsyntaxtextarea:3.1.2=previewRuntimeClasspath,testRuntimeClasspath
com.github.weisj:jsvg:1.2.0=previewRuntimeClasspath,testRuntimeClasspath
com.google.code.findbugs:jsr305:3.0.2=compileClasspath,previewCompileClasspath,previewRuntimeClasspath,testCompileClasspath,testRuntimeClasspath
com.google.code.gson:gson:2.8.5=compileClasspath,previewCompileClasspath,previewRuntimeClasspath,testCompileClasspath,testRuntimeClasspath
com.google.guava:guava:23.2-jre=compileClasspath,previewCompileClasspath,previewRuntimeClasspath,testCompileClasspath,testRuntimeClasspath
com.google.inject:guice:4.1.0=compileClasspath,previewCompileClasspath,previewRuntimeClasspath,testCompileClasspath,testRuntimeClasspath
com.google.protobuf:protobuf-javalite:3.21.12=compileClasspath,previewCompileClasspath,previewRuntimeClasspath,testCompileClasspath,testRuntimeClasspath
com.squareup.okhttp3:okhttp:3.14.9=compileClasspath,previewCompileClasspath,previewRuntimeClasspath,testCompileClasspath,testRuntimeClasspath
com.squareup.okio:okio:1.17.2=compileClasspath,previewCompileClasspath,previewRuntimeClasspath,testCompileClasspath,testRuntimeClasspath
javax.inject:javax.inject:1=compileClasspath,previewCompileClasspath,previewRuntimeClasspath,testCompileClasspath,testRuntimeClasspath
junit:junit:4.12=testCompileClasspath,testRuntimeClasspath
net.java.dev.jna:jna-platform:5.9.0=compileClasspath,previewCompileClasspath,previewRuntimeClasspath,testCompileClasspath,testRuntimeClasspath
net.java.dev.jna:jna:5.9.0=compileClasspath,previewCompileClasspath,previewRuntimeClasspath,testCompileClasspath,testRuntimeClasspath
net.runelite.arn:http-api:1.2.23=compileClasspath,previewCompileClasspath,previewRuntimeClasspath,testCompileClasspath,testRuntimeClasspath
net.runelite:client:1.12.35=compileClasspath,previewCompileClasspath,previewRuntimeClasspath,testCompileClasspath,testRuntimeClasspath
net.runelite:discord:1.4=compileClasspath,previewCompileClasspath,previewRuntimeClasspath,testCompileClasspath,testRuntimeClasspath
net.runelite:flatlaf-extras:3.2.5-rl4=previewRuntimeClasspath,testRuntimeClasspath
net.runelite:flatlaf:3.2.5-rl4=compileClasspath,previewCompileClasspath,previewRuntimeClasspath,testCompileClasspath,testRuntimeClasspath
net.runelite:injected-client:1.12.35=previewRuntimeClasspath,testRuntimeClasspath
net.runelite:jshell:1.12.35=previewRuntimeClasspath,testCompileClasspath,testRuntimeClasspath
net.runelite:rlawt:1.8=compileClasspath,previewCompileClasspath,previewRuntimeClasspath,testCompileClasspath,testRuntimeClasspath
net.runelite:rlicn:1.1=previewRuntimeClasspath,testRuntimeClasspath
net.runelite:runelite-api:1.12.35=compileClasspath,previewCompileClasspath,previewRuntimeClasspath,testCompileClasspath,testRuntimeClasspath
net.sf.jopt-simple:jopt-simple:5.0.1=compileClasspath,previewCompileClasspath,previewRuntimeClasspath,testCompileClasspath,testRuntimeClasspath
org.apache.commons:commons-lang3:3.7=compileClasspath,previewCompileClasspath,previewRuntimeClasspath,testCompileClasspath,testRuntimeClasspath
org.apache.commons:commons-text:1.2=compileClasspath,previewCompileClasspath,previewRuntimeClasspath,testCompileClasspath,testRuntimeClasspath
org.hamcrest:hamcrest-core:1.3=testCompileClasspath,testRuntimeClasspath
org.json:json:20090211=previewRuntimeClasspath,testRuntimeClasspath
org.lwjgl:lwjgl-opencl:3.3.2=compileClasspath,previewCompileClasspath,previewRuntimeClasspath,testCompileClasspath,testRuntimeClasspath
org.lwjgl:lwjgl-opengl:3.3.2=compileClasspath,previewCompileClasspath,previewRuntimeClasspath,testCompileClasspath,testRuntimeClasspath
org.lwjgl:lwjgl:3.3.2=compileClasspath,previewCompileClasspath,previewRuntimeClasspath,testCompileClasspath,testRuntimeClasspath
org.projectlombok:lombok:1.18.30=annotationProcessor,compileClasspath
org.slf4j:slf4j-api:1.7.25=compileClasspath,previewCompileClasspath,previewRuntimeClasspath,testCompileClasspath,testRuntimeClasspath
empty=previewAnnotationProcessor,runtimeClasspath,testAnnotationProcessor
